
Microsoft Visual Studio Solution File, Format Version 12.00
# Visual Studio Version 16
VisualStudioVersion = 16.0.31515.178
MinimumVisualStudioVersion = 10.0.40219.1
Project("{FAE04EC0-301F-11D3-BF4B-00C04F79EFBC}") = "AngCrud", "AngCrud\AngCrud.csproj", "{DBE124F8-AA76-4ABB-80E6-8CD3264D473F}"
EndProject
Global
	GlobalSection(SolutionConfigurationPlatforms) = preSolution
		Debug|Any CPU = Debug|Any CPU
		Release|Any CPU = Release|Any CPU
	EndGlobalSection
	GlobalSection(ProjectConfigurationPlatforms) = postSolution
		{DBE124F8-AA76-4ABB-80E6-8CD3264D473F}.Debug|Any CPU.ActiveCfg = Debug|Any CPU
		{DBE124F8-AA76-4ABB-80E6-8CD3264D473F}.Debug|Any CPU.Build.0 = Debug|Any CPU
		{DBE124F8-AA76-4ABB-80E6-8CD3264D473F}.Release|Any CPU.ActiveCfg = Release|Any CPU
		{DBE124F8-AA76-4ABB-80E6-8CD3264D473F}.Release|Any CPU.Build.0 = Release|Any CPU
	EndGlobalSection
	GlobalSection(SolutionProperties) = preSolution
		HideSolutionNode = FALSE
	EndGlobalSection
	GlobalSection(ExtensibilityGlobals) = postSolution
		SolutionGuid = {1A7BDC8C-DE4A-4EC5-B0DC-6D9D7F52D01B}
	EndGlobalSection
EndGlobal
